
Microsoft Visual Studio Solution File, Format Version 12.00
# Visual Studio Version 17
VisualStudioVersion = 17.1.32407.343
MinimumVisualStudioVersion = 10.0.40219.1
Project("{FAE04EC0-301F-11D3-BF4B-00C04F79EFBC}") = "DOC_RASCH", "DOC_RASCH\DOC_RASCH.csproj", "{7E4B16FF-91FC-4520-9CEB-4A9DABC7CA34}"
EndProject
Project("{FAE04EC0-301F-11D3-BF4B-00C04F79EFBC}") = "DOC_RASCH.Common", "DOC_RASCH.Common\DOC_RASCH.Common.csproj", "{31E22F56-BACF-444B-8F73-4F59AF0D7CD0}"
EndProject
Global
	GlobalSection(SolutionConfigurationPlatforms) = preSolution
		Debug|Any CPU = Debug|Any CPU
		Release|Any CPU = Release|Any CPU
	EndGlobalSection
	GlobalSection(ProjectConfigurationPlatforms) = postSolution
		{7E4B16FF-91FC-4520-9CEB-4A9DABC7CA34}.Debug|Any CPU.ActiveCfg = Debug|Any CPU
		{7E4B16FF-91FC-4520-9CEB-4A9DABC7CA34}.Debug|Any CPU.Build.0 = Debug|Any CPU
		{7E4B16FF-91FC-4520-9CEB-4A9DABC7CA34}.Release|Any CPU.ActiveCfg = Release|Any CPU
		{7E4B16FF-91FC-4520-9CEB-4A9DABC7CA34}.Release|Any CPU.Build.0 = Release|Any CPU
		{31E22F56-BACF-444B-8F73-4F59AF0D7CD0}.Debug|Any CPU.ActiveCfg = Debug|Any CPU
		{31E22F56-BACF-444B-8F73-4F59AF0D7CD0}.Debug|Any CPU.Build.0 = Debug|Any CPU
		{31E22F56-BACF-444B-8F73-4F59AF0D7CD0}.Release|Any CPU.ActiveCfg = Release|Any CPU
		{31E22F56-BACF-444B-8F73-4F59AF0D7CD0}.Release|Any CPU.Build.0 = Release|Any CPU
	EndGlobalSection
	GlobalSection(SolutionProperties) = preSolution
		HideSolutionNode = FALSE
	EndGlobalSection
	GlobalSection(ExtensibilityGlobals) = postSolution
		SolutionGuid = {E67B46CF-3F3A-4E2A-BFA0-D1B3F581D8E9}
	EndGlobalSection
EndGlobal
